// !$*UTF8*$!
{
	archiveVersion = 1;
	classes = {
	};
	objectVersion = 46;
	objects = {

/* Begin PBXBuildFile section */
		551988F41C919CA900D5C127 /* Pokemon.swift in Sources */ = {isa = PBXBuildFile; fileRef = 551988F31C919CA900D5C127 /* Pokemon.swift */; };
		55C28AD21C8B2BE700502625 /* AppDelegate.swift in Sources */ = {isa = PBXBuildFile; fileRef = 55C28AD11C8B2BE700502625 /* AppDelegate.swift */; };
		55C28AD41C8B2BE700502625 /* ViewController.swift in Sources */ = {isa = PBXBuildFile; fileRef = 55C28AD31C8B2BE700502625 /* ViewController.swift */; };
		55C28AD71C8B2BE700502625 /* Main.storyboard in Resources */ = {isa = PBXBuildFile; fileRef = 55C28AD51C8B2BE700502625 /* Main.storyboard */; };
		55C28AD91C8B2BE700502625 /* Assets.xcassets in Resources */ = {isa = PBXBuildFile; fileRef = 55C28AD81C8B2BE700502625 /* Assets.xcassets */; };
		55C28ADC1C8B2BE700502625 /* LaunchScreen.storyboard in Resources */ = {isa = PBXBuildFile; fileRef = 55C28ADA1C8B2BE700502625 /* LaunchScreen.storyboard */; };
		F6A6865903E610FB344F41AC /* Pods.framework in Frameworks */ = {isa = PBXBuildFile; fileRef = 633C9860CBFF481BAADE0317 /* Pods.framework */; };
/* End PBXBuildFile section */

/* Begin PBXFileReference section */
		014F87AE51EA9495AE2A001C /* Pods.release.xcconfig */ = {isa = PBXFileReference; includeInIndex = 1; lastKnownFileType = text.xcconfig; name = Pods.release.xcconfig; path = "Pods/Target Support Files/Pods/Pods.release.xcconfig"; sourceTree = "<group>"; };
		551988F31C919CA900D5C127 /* Pokemon.swift */ = {isa = PBXFileReference; fileEncoding = 4; lastKnownFileType = sourcecode.swift; path = Pokemon.swift; sourceTree = "<group>"; };
		55C28ACE1C8B2BE700502625 /* RealmSample.app */ = {isa = PBXFileReference; explicitFileType = wrapper.application; includeInIndex = 0; path = RealmSample.app; sourceTree = BUILT_PRODUCTS_DIR; };
		55C28AD11C8B2BE700502625 /* AppDelegate.swift */ = {isa = PBXFileReference; lastKnownFileType = sourcecode.swift; path = AppDelegate.swift; sourceTree = "<group>"; };
		55C28AD31C8B2BE700502625 /* ViewController.swift */ = {isa = PBXFileReference; lastKnownFileType = sourcecode.swift; path = ViewController.swift; sourceTree = "<group>"; };
		55C28AD61C8B2BE700502625 /* Base */ = {isa = PBXFileReference; lastKnownFileType = file.storyboard; name = Base; path = Base.lproj/Main.storyboard; sourceTree = "<group>"; };
		55C28AD81C8B2BE700502625 /* Assets.xcassets */ = {isa = PBXFileReference; lastKnownFileType = folder.assetcatalog; path = Assets.xcassets; sourceTree = "<group>"; };
		55C28ADB1C8B2BE700502625 /* Base */ = {isa = PBXFileReference; lastKnownFileType = file.storyboard; name = Base; path = Base.lproj/LaunchScreen.storyboard; sourceTree = "<group>"; };
		55C28ADD1C8B2BE700502625 /* Info.plist */ = {isa = PBXFileReference; lastKnownFileType = text.plist.xml; path = Info.plist; sourceTree = "<group>"; };
		633C9860CBFF481BAADE0317 /* Pods.framework */ = {isa = PBXFileReference; explicitFileType = wrapper.framework; includeInIndex = 0; path = Pods.framework; sourceTree = BUILT_PRODUCTS_DIR; };
		A465754D3395FDB43811B39A /* Pods.debug.xcconfig */ = {isa = PBXFileReference; includeInIndex = 1; lastKnownFileType = text.xcconfig; name = Pods.debug.xcconfig; path = "Pods/Target Support Files/Pods/Pods.debug.xcconfig"; sourceTree = "<group>"; };
/* End PBXFileReference section */

/* Begin PBXFrameworksBuildPhase section */
		55C28ACB1C8B2BE700502625 /* Frameworks */ = {
			isa = PBXFrameworksBuildPhase;
			buildActionMask = 2147483647;
			files = (
				F6A6865903E610FB344F41AC /* Pods.framework in Frameworks */,
			);
			runOnlyForDeploymentPostprocessing = 0;
		};
/* End PBXFrameworksBuildPhase section */

/* Begin PBXGroup section */
		0D71178C3D5EF3A32B826739 /* Pods */ = {
			isa = PBXGroup;
			children = (
				A465754D3395FDB43811B39A /* Pods.debug.xcconfig */,
				014F87AE51EA9495AE2A001C /* Pods.release.xcconfig */,
			);
			name = Pods;
			sourceTree = "<group>";
		};
		55C28AC51C8B2BE700502625 = {
			isa = PBXGroup;
			children = (
				55C28AD01C8B2BE700502625 /* RealmSample */,
				55C28ACF1C8B2BE700502625 /* Products */,
				0D71178C3D5EF3A32B826739 /* Pods */,
				FAFD21DD3AB33F856314B689 /* Frameworks */,
			);
			sourceTree = "<group>";
		};
		55C28ACF1C8B2BE700502625 /* Products */ = {
			isa = PBXGroup;
			children = (
				55C28ACE1C8B2BE700502625 /* RealmSample.app */,
			);
			name = Products;
			sourceTree = "<group>";
		};
		55C28AD01C8B2BE700502625 /* RealmSample */ = {
			isa = PBXGroup;
			children = (
				55C28AD11C8B2BE700502625 /* AppDelegate.swift */,
				55C28AD31C8B2BE700502625 /* ViewController.swift */,
				55C28AD51C8B2BE700502625 /* Main.storyboard */,
				55C28AD81C8B2BE700502625 /* Assets.xcassets */,
				55C28ADA1C8B2BE700502625 /* LaunchScreen.storyboard */,
				55C28ADD1C8B2BE700502625 /* Info.plist */,
				551988F31C919CA900D5C127 /* Pokemon.swift */,
			);
			path = RealmSample;
			sourceTree = "<group>";
		};
		FAFD21DD3AB33F856314B689 /* Frameworks */ = {
			isa = PBXGroup;
			children = (
				633C9860CBFF481BAADE0317 /* Pods.framework */,
			);
			name = Frameworks;
			sourceTree = "<group>";
		};
/* End PBXGroup section */

/* Begin PBXNativeTarget section */
		55C28ACD1C8B2BE700502625 /* RealmSample */ = {
			isa = PBXNativeTarget;
			buildConfigurationList = 55C28AE01C8B2BE700502625 /* Build configuration list for PBXNativeTarget "RealmSample" */;
			buildPhases = (
				9FD7A283DE2C76A6C3A2AFEA /* Check Pods Manifest.lock */,
				55C28ACA1C8B2BE700502625 /* Sources */,
				55C28ACB1C8B2BE700502625 /* Frameworks */,
				55C28ACC1C8B2BE700502625 /* Resources */,
				994C26C53AFCF82A033E94B2 /* Embed Pods Frameworks */,
				F4305A79B5D130DFDFBEEF8A /* Copy Pods Resources */,
			);
			buildRules = (
			);
			dependencies = (
			);
			name = RealmSample;
			productName = RealmSample;
			productReference = 55C28ACE1C8B2BE700502625 /* RealmSample.app */;
			productType = "com.apple.product-type.application";
		};
/* End PBXNativeTarget section */

/* Begin PBXProject section */
		55C28AC61C8B2BE700502625 /* Project object */ = {
			isa = PBXProject;
			attributes = {
				LastSwiftUpdateCheck = 0720;
				LastUpgradeCheck = 0720;
				ORGANIZATIONNAME = kohei;
				TargetAttributes = {
					55C28ACD1C8B2BE700502625 = {
						CreatedOnToolsVersion = 7.2.1;
						DevelopmentTeam = 8C8AQF3H5E;
					};
				};
			};
			buildConfigurationList = 55C28AC91C8B2BE700502625 /* Build configuration list for PBXProject "RealmSample" */;
			compatibilityVersion = "Xcode 3.2";
			developmentRegion = English;
			hasScannedForEncodings = 0;
			knownRegions = (
				en,
				Base,
			);
			mainGroup = 55C28AC51C8B2BE700502625;
			productRefGroup = 55C28ACF1C8B2BE700502625 /* Products */;
			projectDirPath = "";
			projectRoot = "";
			targets = (
				55C28ACD1C8B2BE700502625 /* RealmSample */,
			);
		};
/* End PBXProject section */

/* Begin PBXResourcesBuildPhase section */
		55C28ACC1C8B2BE700502625 /* Resources */ = {
			isa = PBXResourcesBuildPhase;
			buildActionMask = 2147483647;
			files = (
				55C28ADC1C8B2BE700502625 /* LaunchScreen.storyboard in Resources */,
				55C28AD91C8B2BE700502625 /* Assets.xcassets in Resources */,
				55C28AD71C8B2BE700502625 /* Main.storyboard in Resources */,
			);
			runOnlyForDeploymentPostprocessing = 0;
		};
/* End PBXResourcesBuildPhase section */

/* Begin PBXShellScriptBuildPhase section */
		994C26C53AFCF82A033E94B2 /* Embed Pods Frameworks */ = {
			isa = PBXShellScriptBuildPhase;
			buildActionMask = 2147483647;
			files = (
			);
			inputPaths = (
			);
			name = "Embed Pods Frameworks";
			outputPaths = (
			);
			runOnlyForDeploymentPostprocessing = 0;
			shellPath = /bin/sh;
			shellScript = "\"${SRCROOT}/Pods/Target Support Files/Pods/Pods-frameworks.sh\"\n";
			showEnvVarsInLog = 0;
		};
		9FD7A283DE2C76A6C3A2AFEA /* Check Pods Manifest.lock */ = {
			isa = PBXShellScriptBuildPhase;
			buildActionMask = 2147483647;
			files = (
			);
			inputPaths = (
			);
			name = "Check Pods Manifest.lock";
			outputPaths = (
			);
			runOnlyForDeploymentPostprocessing = 0;
			shellPath = /bin/sh;
			shellScript = "diff \"${PODS_ROOT}/../Podfile.lock\" \"${PODS_ROOT}/Manifest.lock\" > /dev/null\nif [[ $? != 0 ]] ; then\n    cat << EOM\nerror: The sandbox is not in sync with the Podfile.lock. Run 'pod install' or update your CocoaPods installation.\nEOM\n    exit 1\nfi\n";
			showEnvVarsInLog = 0;
		};
		F4305A79B5D130DFDFBEEF8A /* Copy Pods Resources */ = {
			isa = PBXShellScriptBuildPhase;
			buildActionMask = 2147483647;
			files = (
			);
			inputPaths = (
			);
			name = "Copy Pods Resources";
			outputPaths = (
			);
			runOnlyForDeploymentPostprocessing = 0;
			shellPath = /bin/sh;
			shellScript = "\"${SRCROOT}/Pods/Target Support Files/Pods/Pods-resources.sh\"\n";
			showEnvVarsInLog = 0;
		};
/* End PBXShellScriptBuildPhase section */

/* Begin PBXSourcesBuildPhase section */
		55C28ACA1C8B2BE700502625 /* Sources */ = {
			isa = PBXSourcesBuildPhase;
			buildActionMask = 2147483647;
			files = (
				55C28AD41C8B2BE700502625 /* ViewController.swift in Sources */,
				55C28AD21C8B2BE700502625 /* AppDelegate.swift in Sources */,
				551988F41C919CA900D5C127 /* Pokemon.swift in Sources */,
			);
			runOnlyForDeploymentPostprocessing = 0;
		};
/* End PBXSourcesBuildPhase section */

/* Begin PBXVariantGroup section */
		55C28AD51C8B2BE700502625 /* Main.storyboard */ = {
			isa = PBXVariantGroup;
			children = (
				55C28AD61C8B2BE700502625 /* Base */,
			);
			name = Main.storyboard;
			sourceTree = "<group>";
		};
		55C28ADA1C8B2BE700502625 /* LaunchScreen.storyboard */ = {
			isa = PBXVariantGroup;
			children = (
				55C28ADB1C8B2BE700502625 /* Base */,
			);
			name = LaunchScreen.storyboard;
			sourceTree = "<group>";
		};
/* End PBXVariantGroup section */

/* Begin XCBuildConfiguration section */
		55C28ADE1C8B2BE700502625 /* Debug */ = {
			isa = XCBuildConfiguration;
			buildSettings = {
				ALWAYS_SEARCH_USER_PATHS = NO;
				CLANG_CXX_LANGUAGE_STANDARD = "gnu++0x";
				CLANG_CXX_LIBRARY = "libc++";
				CLANG_ENABLE_MODULES = YES;
				CLANG_ENABLE_OBJC_ARC = YES;
				CLANG_WARN_BOOL_CONVERSION = YES;
				CLANG_WARN_CONSTANT_CONVERSION = YES;
				CLANG_WARN_DIRECT_OBJC_ISA_USAGE = YES_ERROR;
				CLANG_WARN_EMPTY_BODY = YES;
				CLANG_WARN_ENUM_CONVERSION = YES;
				CLANG_WARN_INT_CONVERSION = YES;
				CLANG_WARN_OBJC_ROOT_CLASS = YES_ERROR;
				CLANG_WARN_UNREACHABLE_CODE = YES;
				CLANG_WARN__DUPLICATE_METHOD_MATCH = YES;
				"CODE_SIGN_IDENTITY[sdk=iphoneos*]" = "iPhone Developer";
				COPY_PHASE_STRIP = NO;
				DEBUG_INFORMATION_FORMAT = dwarf;
				ENABLE_STRICT_OBJC_MSGSEND = YES;
				ENABLE_TESTABILITY = YES;
				GCC_C_LANGUAGE_STANDARD = gnu99;
				GCC_DYNAMIC_NO_PIC = NO;
				GCC_NO_COMMON_BLOCKS = YES;
				GCC_OPTIMIZATION_LEVEL = 0;
				GCC_PREPROCESSOR_DEFINITIONS = (
					"DEBUG=1",
					"$(inherited)",
				);
				GCC_WARN_64_TO_32_BIT_CONVERSION = YES;
				GCC_WARN_ABOUT_RETURN_TYPE = YES_ERROR;
				GCC_WARN_UNDECLARED_SELECTOR = YES;
				GCC_WARN_UNINITIALIZED_AUTOS = YES_AGGRESSIVE;
				GCC_WARN_UNUSED_FUNCTION = YES;
				GCC_WARN_UNUSED_VARIABLE = YES;
				IPHONEOS_DEPLOYMENT_TARGET = 9.2;
				MTL_ENABLE_DEBUG_INFO = YES;
				ONLY_ACTIVE_ARCH = YES;
				SDKROOT = iphoneos;
				SWIFT_OPTIMIZATION_LEVEL = "-Onone";
			};
			name = Debug;
		};
		55C28ADF1C8B2BE700502625 /* Release */ = {
			isa = XCBuildConfiguration;
			buildSettings = {
				ALWAYS_SEARCH_USER_PATHS = NO;
				CLANG_CXX_LANGUAGE_STANDARD = "gnu++0x";
				CLANG_CXX_LIBRARY = "libc++";
				CLANG_ENABLE_MODULES = YES;
				CLANG_ENABLE_OBJC_ARC = YES;
				CLANG_WARN_BOOL_CONVERSION = YES;
				CLANG_WARN_CONSTANT_CONVERSION = YES;
				CLANG_WARN_DIRECT_OBJC_ISA_USAGE = YES_ERROR;
				CLANG_WARN_EMPTY_BODY = YES;
				CLANG_WARN_ENUM_CONVERSION = YES;
				CLANG_WARN_INT_CONVERSION = YES;
				CLANG_WARN_OBJC_ROOT_CLASS = YES_ERROR;
				CLANG_WARN_UNREACHABLE_CODE = YES;
				CLANG_WARN__DUPLICATE_METHOD_MATCH = YES;
				"CODE_SIGN_IDENTITY[sdk=iphoneos*]" = "iPhone Developer";
				COPY_PHASE_STRIP = NO;
				DEBUG_INFORMATION_FORMAT = "dwarf-with-dsym";
				ENABLE_NS_ASSERTIONS = NO;
				ENABLE_STRICT_OBJC_MSGSEND = YES;
				GCC_C_LANGUAGE_STANDARD = gnu99;
				GCC_NO_COMMON_BLOCKS = YES;
				GCC_WARN_64_TO_32_BIT_CONVERSION = YES;
				GCC_WARN_ABOUT_RETURN_TYPE = YES_ERROR;
				GCC_WARN_UNDECLARED_SELECTOR = YES;
				GCC_WARN_UNINITIALIZED_AUTOS = YES_AGGRESSIVE;
				GCC_WARN_UNUSED_FUNCTION = YES;
				GCC_WARN_UNUSED_VARIABLE = YES;
				IPHONEOS_DEPLOYMENT_TARGET = 9.2;
				MTL_ENABLE_DEBUG_INFO = NO;
				SDKROOT = iphoneos;
				VALIDATE_PRODUCT = YES;
			};
			name = Release;
		};
		55C28AE11C8B2BE700502625 /* Debug */ = {
			isa = XCBuildConfiguration;
			baseConfigurationReference = A465754D3395FDB43811B39A /* Pods.debug.xcconfig */;
			buildSettings = {
				ASSETCATALOG_COMPILER_APPICON_NAME = AppIcon;
				CODE_SIGN_IDENTITY = "iPhone Developer";
				INFOPLIST_FILE = RealmSample/Info.plist;
				LD_RUNPATH_SEARCH_PATHS = "$(inherited) @executable_path/Frameworks";
				PRODUCT_BUNDLE_IDENTIFIER = com.kohei.RealmSample;
				PRODUCT_NAME = "$(TARGET_NAME)";
			};
			name = Debug;
		};
		55C28AE21C8B2BE700502625 /* Release */ = {
			isa = XCBuildConfiguration;
			baseConfigurationReference = 014F87AE51EA9495AE2A001C /* Pods.release.xcconfig */;
			buildSettings = {
				ASSETCATALOG_COMPILER_APPICON_NAME = AppIcon;
				CODE_SIGN_IDENTITY = "iPhone Developer";
				INFOPLIST_FILE = RealmSample/Info.plist;
				LD_RUNPATH_SEARCH_PATHS = "$(inherited) @executable_path/Frameworks";
				PRODUCT_BUNDLE_IDENTIFIER = com.kohei.RealmSample;
				PRODUCT_NAME = "$(TARGET_NAME)";
			};
			name = Release;
		};
/* End XCBuildConfiguration section */

/* Begin XCConfigurationList section */
		55C28AC91C8B2BE700502625 /* Build configuration list for PBXProject "RealmSample" */ = {
			isa = XCConfigurationList;
			buildConfigurations = (
				55C28ADE1C8B2BE700502625 /* Debug */,
				55C28ADF1C8B2BE700502625 /* Release */,
			);
			defaultConfigurationIsVisible = 0;
			defaultConfigurationName = Release;
		};
		55C28AE01C8B2BE700502625 /* Build configuration list for PBXNativeTarget "RealmSample" */ = {
			isa = XCConfigurationList;
			buildConfigurations = (
				55C28AE11C8B2BE700502625 /* Debug */,
				55C28AE21C8B2BE700502625 /* Release */,
			);
			defaultConfigurationIsVisible = 0;
			defaultConfigurationName = Release;
		};
/* End XCConfigurationList section */
	};
	rootObject = 55C28AC61C8B2BE700502625 /* Project object */;
}
